// !$*UTF8*$!
{
	archiveVersion = 1;
	classes = {
	};
	objectVersion = 60;
	objects = {

/* Begin PBXBuildFile section */
		4B1122372BE33BA500A2E577 /* UIViewExtension.swift in Sources */ = {isa = PBXBuildFile; fileRef = 4B1122362BE33BA500A2E577 /* UIViewExtension.swift */; };
		4B1122392BE33EA000A2E577 /* ScrollableBottomSheetViewController.swift in Sources */ = {isa = PBXBuildFile; fileRef = 4B1122382BE33EA000A2E577 /* ScrollableBottomSheetViewController.swift */; };
		4B1122402BE351D200A2E577 /* ResultTableViewcell.swift in Sources */ = {isa = PBXBuildFile; fileRef = 4B11223F2BE351D200A2E577 /* ResultTableViewcell.swift */; };
		4B1261372BA31450002F52BD /* UpcomingCollectionViewCell.swift in Sources */ = {isa = PBXBuildFile; fileRef = 4B1261362BA31450002F52BD /* UpcomingCollectionViewCell.swift */; };
		4B1C864E2C50A23700409DD8 /* SetMeetingTableViewCell.swift in Sources */ = {isa = PBXBuildFile; fileRef = 4B1C864D2C50A23700409DD8 /* SetMeetingTableViewCell.swift */; };
		4B1C91B02C4611BC00CCB03E /* URLExtension.swift in Sources */ = {isa = PBXBuildFile; fileRef = 4B1C91AF2C4611BC00CCB03E /* URLExtension.swift */; };
		4B23DBDF2BFEF09600E5E4FD /* MyPlaceTableViewController.swift in Sources */ = {isa = PBXBuildFile; fileRef = 4B23DBDE2BFEF09600E5E4FD /* MyPlaceTableViewController.swift */; };
		4B5D9B6D2BBE3FFB00F1BD58 /* SearchViewController.swift in Sources */ = {isa = PBXBuildFile; fileRef = 4B5D9B6C2BBE3FFB00F1BD58 /* SearchViewController.swift */; };
		4B5D9B6F2BBE406400F1BD58 /* DetailPlaceViewController.swift in Sources */ = {isa = PBXBuildFile; fileRef = 4B5D9B6E2BBE406400F1BD58 /* DetailPlaceViewController.swift */; };
		4B5D9B712BBE4CB200F1BD58 /* PlaceImageCollectionViewCell.swift in Sources */ = {isa = PBXBuildFile; fileRef = 4B5D9B702BBE4CB200F1BD58 /* PlaceImageCollectionViewCell.swift */; };
		4B5D9B732BBE53A400F1BD58 /* Settings.bundle in Resources */ = {isa = PBXBuildFile; fileRef = 4B5D9B722BBE53A400F1BD58 /* Settings.bundle */; };
		4B63886C2C2FB5E800ED10F0 /* Day.swift in Sources */ = {isa = PBXBuildFile; fileRef = 4B63886B2C2FB5E800ED10F0 /* Day.swift */; };
		4B70D9BD2BF5AF4D00F3C965 /* MyPlaceViewController.swift in Sources */ = {isa = PBXBuildFile; fileRef = 4B70D9BC2BF5AF4D00F3C965 /* MyPlaceViewController.swift */; };
		4B70D9C32BF5BAF600F3C965 /* MyPlaceTableViewCell.swift in Sources */ = {isa = PBXBuildFile; fileRef = 4B70D9C22BF5BAF600F3C965 /* MyPlaceTableViewCell.swift */; };
		4B70D9C52BF5BC1800F3C965 /* MyPlaceScrollableViewController.swift in Sources */ = {isa = PBXBuildFile; fileRef = 4B70D9C42BF5BC1800F3C965 /* MyPlaceScrollableViewController.swift */; };
		4B73950C2BAC3187006843DB /* SelectFriendsViewController.swift in Sources */ = {isa = PBXBuildFile; fileRef = 4B73950B2BAC3187006843DB /* SelectFriendsViewController.swift */; };
		4B73950E2BAC31A4006843DB /* SetMeetingViewController.swift in Sources */ = {isa = PBXBuildFile; fileRef = 4B73950D2BAC31A4006843DB /* SetMeetingViewController.swift */; };
		4B7395102BAC31BB006843DB /* AddMeetingPlaceViewController.swift in Sources */ = {isa = PBXBuildFile; fileRef = 4B73950F2BAC31BB006843DB /* AddMeetingPlaceViewController.swift */; };
		4B7395122BAC3D32006843DB /* AddMeetingPlaceTableViewCell.swift in Sources */ = {isa = PBXBuildFile; fileRef = 4B7395112BAC3D32006843DB /* AddMeetingPlaceTableViewCell.swift */; };
		4B772F4A2C34EDEE00975B4C /* UIImageViewExtension.swift in Sources */ = {isa = PBXBuildFile; fileRef = 4B772F492C34EDEE00975B4C /* UIImageViewExtension.swift */; };
		4B772F4C2C34F1DD00975B4C /* UIColorExtension.swift in Sources */ = {isa = PBXBuildFile; fileRef = 4B772F4B2C34F1DD00975B4C /* UIColorExtension.swift */; };
		4B8D3EF22C22B2BC00A344D1 /* AddPlaceViewController.swift in Sources */ = {isa = PBXBuildFile; fileRef = 4B8D3EF12C22B2BC00A344D1 /* AddPlaceViewController.swift */; };
		4BA12D7F2BA004CE00BC4EB0 /* AppDelegate.swift in Sources */ = {isa = PBXBuildFile; fileRef = 4BA12D7E2BA004CE00BC4EB0 /* AppDelegate.swift */; };
		4BA12D812BA004CE00BC4EB0 /* SceneDelegate.swift in Sources */ = {isa = PBXBuildFile; fileRef = 4BA12D802BA004CE00BC4EB0 /* SceneDelegate.swift */; };
		4BA12D862BA004CE00BC4EB0 /* Jinhee.storyboard in Resources */ = {isa = PBXBuildFile; fileRef = 4BA12D842BA004CE00BC4EB0 /* Jinhee.storyboard */; };
		4BA12D892BA004CE00BC4EB0 /* Foodle.xcdatamodeld in Sources */ = {isa = PBXBuildFile; fileRef = 4BA12D872BA004CE00BC4EB0 /* Foodle.xcdatamodeld */; };
		4BA12D8B2BA004CF00BC4EB0 /* Assets.xcassets in Resources */ = {isa = PBXBuildFile; fileRef = 4BA12D8A2BA004CF00BC4EB0 /* Assets.xcassets */; };
		4BA12D8E2BA004CF00BC4EB0 /* LaunchScreen.storyboard in Resources */ = {isa = PBXBuildFile; fileRef = 4BA12D8C2BA004CF00BC4EB0 /* LaunchScreen.storyboard */; };
		4BB15A002BB532BC0090A6DE /* UIImageExtension.swift in Sources */ = {isa = PBXBuildFile; fileRef = 4BB159FF2BB532BC0090A6DE /* UIImageExtension.swift */; };
		4BB92B772C72F693000DFE0A /* NaverThirdPartyLogin in Frameworks */ = {isa = PBXBuildFile; productRef = 4BB92B762C72F693000DFE0A /* NaverThirdPartyLogin */; };
		4BB92B792C72F9BE000DFE0A /* NaverSNSLogin.swift in Sources */ = {isa = PBXBuildFile; fileRef = 4BB92B782C72F9BE000DFE0A /* NaverSNSLogin.swift */; };
		4BB92B7C2C72FAAF000DFE0A /* Alamofire in Frameworks */ = {isa = PBXBuildFile; productRef = 4BB92B7B2C72FAAF000DFE0A /* Alamofire */; };
		4BB92B7E2C72FAAF000DFE0A /* AlamofireDynamic in Frameworks */ = {isa = PBXBuildFile; productRef = 4BB92B7D2C72FAAF000DFE0A /* AlamofireDynamic */; };
		4BB92B812C748554000DFE0A /* KakaoSDK in Frameworks */ = {isa = PBXBuildFile; productRef = 4BB92B802C748554000DFE0A /* KakaoSDK */; };
		4BB92B832C748554000DFE0A /* KakaoSDKAuth in Frameworks */ = {isa = PBXBuildFile; productRef = 4BB92B822C748554000DFE0A /* KakaoSDKAuth */; };
		4BB92B852C748554000DFE0A /* KakaoSDKCert in Frameworks */ = {isa = PBXBuildFile; productRef = 4BB92B842C748554000DFE0A /* KakaoSDKCert */; };
		4BB92B872C748554000DFE0A /* KakaoSDKCertCore in Frameworks */ = {isa = PBXBuildFile; productRef = 4BB92B862C748554000DFE0A /* KakaoSDKCertCore */; };
		4BB92B892C748554000DFE0A /* KakaoSDKCommon in Frameworks */ = {isa = PBXBuildFile; productRef = 4BB92B882C748554000DFE0A /* KakaoSDKCommon */; };
		4BB965C92C23C33F00F7E429 /* AddListViewController.swift in Sources */ = {isa = PBXBuildFile; fileRef = 4BB965C82C23C33F00F7E429 /* AddListViewController.swift */; };
		4BB965CB2C23C44D00F7E429 /* ColorCollectionViewCell.swift in Sources */ = {isa = PBXBuildFile; fileRef = 4BB965CA2C23C44D00F7E429 /* ColorCollectionViewCell.swift */; };
		4BC68AAD2BA2B67300FC6546 /* MainViewController.swift in Sources */ = {isa = PBXBuildFile; fileRef = 4BC68AAC2BA2B67300FC6546 /* MainViewController.swift */; };
		4BC68AB02BA2DAF200FC6546 /* MainCollectionViewCell.swift in Sources */ = {isa = PBXBuildFile; fileRef = 4BC68AAF2BA2DAF200FC6546 /* MainCollectionViewCell.swift */; };
		4BC68AB22BA2DBD300FC6546 /* MainTableViewCell.swift in Sources */ = {isa = PBXBuildFile; fileRef = 4BC68AB12BA2DBD300FC6546 /* MainTableViewCell.swift */; };
		4BDCED042C63096F009EB190 /* PreferredTime.swift in Sources */ = {isa = PBXBuildFile; fileRef = 4BDCED032C63096F009EB190 /* PreferredTime.swift */; };
		4BE209FB2C5881BC00060C5B /* PlaceListAnnotation.swift in Sources */ = {isa = PBXBuildFile; fileRef = 4BE209FA2C5881BC00060C5B /* PlaceListAnnotation.swift */; };
		4BE731832C3E2AA1008733C9 /* Server.swift in Sources */ = {isa = PBXBuildFile; fileRef = 4BE731822C3E2AA1008733C9 /* Server.swift */; };
		4BE731852C3E569E008733C9 /* SearchResultViewController.swift in Sources */ = {isa = PBXBuildFile; fileRef = 4BE731842C3E569E008733C9 /* SearchResultViewController.swift */; };
		4BE731982C436A1C008733C9 /* LaunchingSegue.swift in Sources */ = {isa = PBXBuildFile; fileRef = 4BE731972C436A1C008733C9 /* LaunchingSegue.swift */; };
		4BE7319A2C436AD7008733C9 /* LaunchViewController.swift in Sources */ = {isa = PBXBuildFile; fileRef = 4BE731992C436AD7008733C9 /* LaunchViewController.swift */; };
		4BF519BA2C69C7190082D374 /* ServerResponse.swift in Sources */ = {isa = PBXBuildFile; fileRef = 4BF519B92C69C7190082D374 /* ServerResponse.swift */; };
		4BF819382C2927F4006BE538 /* Place.swift in Sources */ = {isa = PBXBuildFile; fileRef = 4BF819372C2927F4006BE538 /* Place.swift */; };
		4BF8193A2C292B8E006BE538 /* MeetingPlace.swift in Sources */ = {isa = PBXBuildFile; fileRef = 4BF819392C292B8E006BE538 /* MeetingPlace.swift */; };
		4BF8193C2C292BAE006BE538 /* Meeting.swift in Sources */ = {isa = PBXBuildFile; fileRef = 4BF8193B2C292BAE006BE538 /* Meeting.swift */; };
		4BF8193E2C292BD6006BE538 /* Friend.swift in Sources */ = {isa = PBXBuildFile; fileRef = 4BF8193D2C292BD6006BE538 /* Friend.swift */; };
		4BF819402C292BE5006BE538 /* User.swift in Sources */ = {isa = PBXBuildFile; fileRef = 4BF8193F2C292BE5006BE538 /* User.swift */; };
		4BF819422C292ED0006BE538 /* PlaceList.swift in Sources */ = {isa = PBXBuildFile; fileRef = 4BF819412C292ED0006BE538 /* PlaceList.swift */; };
		4BFA46132C2BB8DA00240F4E /* RoundedCollectionViewCell.swift in Sources */ = {isa = PBXBuildFile; fileRef = 4BFA46122C2BB8DA00240F4E /* RoundedCollectionViewCell.swift */; };
		920E00012C4977EB00BAEA25 /* EditMeetingViewController.swift in Sources */ = {isa = PBXBuildFile; fileRef = 920E00002C4977EB00BAEA25 /* EditMeetingViewController.swift */; };
		923B80FE2C0230C600B771E7 /* ScheduleListViewController.swift in Sources */ = {isa = PBXBuildFile; fileRef = 923B80FD2C0230C600B771E7 /* ScheduleListViewController.swift */; };
		927E19CE2C0239AD004D9F96 /* Minjeong.storyboard in Resources */ = {isa = PBXBuildFile; fileRef = 927E19CD2C0239AD004D9F96 /* Minjeong.storyboard */; };
		92B688482BB0A20400D7DF2C /* LoginViewController.swift in Sources */ = {isa = PBXBuildFile; fileRef = 92B688472BB0A20400D7DF2C /* LoginViewController.swift */; };
		92B688632BBB177D00D7DF2C /* FriendsListViewCell.swift in Sources */ = {isa = PBXBuildFile; fileRef = 92B688622BBB177D00D7DF2C /* FriendsListViewCell.swift */; };
		92D3DE662C2762E100CC3673 /* DetailMeetingViewController.swift in Sources */ = {isa = PBXBuildFile; fileRef = 92D3DE652C2762E100CC3673 /* DetailMeetingViewController.swift */; };
		92EA73172BF0D1830075472C /* MyPageViewController.swift in Sources */ = {isa = PBXBuildFile; fileRef = 92EA73162BF0D1830075472C /* MyPageViewController.swift */; };
		92FABE102C172641000E2DE6 /* FriendsDetailViewController.swift in Sources */ = {isa = PBXBuildFile; fileRef = 92FABE0F2C172641000E2DE6 /* FriendsDetailViewController.swift */; };
/* End PBXBuildFile section */

/* Begin PBXFileReference section */
		4B1122362BE33BA500A2E577 /* UIViewExtension.swift */ = {isa = PBXFileReference; fileEncoding = 4; lastKnownFileType = sourcecode.swift; path = UIViewExtension.swift; sourceTree = "<group>"; };
		4B1122382BE33EA000A2E577 /* ScrollableBottomSheetViewController.swift */ = {isa = PBXFileReference; lastKnownFileType = sourcecode.swift; path = ScrollableBottomSheetViewController.swift; sourceTree = "<group>"; };
		4B11223F2BE351D200A2E577 /* ResultTableViewcell.swift */ = {isa = PBXFileReference; fileEncoding = 4; lastKnownFileType = sourcecode.swift; path = ResultTableViewcell.swift; sourceTree = "<group>"; };
		4B1261362BA31450002F52BD /* UpcomingCollectionViewCell.swift */ = {isa = PBXFileReference; lastKnownFileType = sourcecode.swift; path = UpcomingCollectionViewCell.swift; sourceTree = "<group>"; };
		4B1C864D2C50A23700409DD8 /* SetMeetingTableViewCell.swift */ = {isa = PBXFileReference; lastKnownFileType = sourcecode.swift; path = SetMeetingTableViewCell.swift; sourceTree = "<group>"; };
		4B1C91AF2C4611BC00CCB03E /* URLExtension.swift */ = {isa = PBXFileReference; lastKnownFileType = sourcecode.swift; path = URLExtension.swift; sourceTree = "<group>"; };
		4B23DBDE2BFEF09600E5E4FD /* MyPlaceTableViewController.swift */ = {isa = PBXFileReference; lastKnownFileType = sourcecode.swift; path = MyPlaceTableViewController.swift; sourceTree = "<group>"; };
		4B5D9B6C2BBE3FFB00F1BD58 /* SearchViewController.swift */ = {isa = PBXFileReference; lastKnownFileType = sourcecode.swift; path = SearchViewController.swift; sourceTree = "<group>"; };
		4B5D9B6E2BBE406400F1BD58 /* DetailPlaceViewController.swift */ = {isa = PBXFileReference; lastKnownFileType = sourcecode.swift; path = DetailPlaceViewController.swift; sourceTree = "<group>"; };
		4B5D9B702BBE4CB200F1BD58 /* PlaceImageCollectionViewCell.swift */ = {isa = PBXFileReference; lastKnownFileType = sourcecode.swift; path = PlaceImageCollectionViewCell.swift; sourceTree = "<group>"; };
		4B5D9B722BBE53A400F1BD58 /* Settings.bundle */ = {isa = PBXFileReference; lastKnownFileType = "wrapper.plug-in"; path = Settings.bundle; sourceTree = "<group>"; };
		4B63886B2C2FB5E800ED10F0 /* Day.swift */ = {isa = PBXFileReference; lastKnownFileType = sourcecode.swift; path = Day.swift; sourceTree = "<group>"; };
		4B70D9BC2BF5AF4D00F3C965 /* MyPlaceViewController.swift */ = {isa = PBXFileReference; lastKnownFileType = sourcecode.swift; path = MyPlaceViewController.swift; sourceTree = "<group>"; };
		4B70D9C22BF5BAF600F3C965 /* MyPlaceTableViewCell.swift */ = {isa = PBXFileReference; lastKnownFileType = sourcecode.swift; path = MyPlaceTableViewCell.swift; sourceTree = "<group>"; };
		4B70D9C42BF5BC1800F3C965 /* MyPlaceScrollableViewController.swift */ = {isa = PBXFileReference; lastKnownFileType = sourcecode.swift; path = MyPlaceScrollableViewController.swift; sourceTree = "<group>"; };
		4B73950B2BAC3187006843DB /* SelectFriendsViewController.swift */ = {isa = PBXFileReference; lastKnownFileType = sourcecode.swift; path = SelectFriendsViewController.swift; sourceTree = "<group>"; };
		4B73950D2BAC31A4006843DB /* SetMeetingViewController.swift */ = {isa = PBXFileReference; lastKnownFileType = sourcecode.swift; path = SetMeetingViewController.swift; sourceTree = "<group>"; };
		4B73950F2BAC31BB006843DB /* AddMeetingPlaceViewController.swift */ = {isa = PBXFileReference; lastKnownFileType = sourcecode.swift; path = AddMeetingPlaceViewController.swift; sourceTree = "<group>"; };
		4B7395112BAC3D32006843DB /* AddMeetingPlaceTableViewCell.swift */ = {isa = PBXFileReference; lastKnownFileType = sourcecode.swift; path = AddMeetingPlaceTableViewCell.swift; sourceTree = "<group>"; };
		4B772F492C34EDEE00975B4C /* UIImageViewExtension.swift */ = {isa = PBXFileReference; lastKnownFileType = sourcecode.swift; path = UIImageViewExtension.swift; sourceTree = "<group>"; };
		4B772F4B2C34F1DD00975B4C /* UIColorExtension.swift */ = {isa = PBXFileReference; lastKnownFileType = sourcecode.swift; path = UIColorExtension.swift; sourceTree = "<group>"; };
		4B8D3EF12C22B2BC00A344D1 /* AddPlaceViewController.swift */ = {isa = PBXFileReference; lastKnownFileType = sourcecode.swift; path = AddPlaceViewController.swift; sourceTree = "<group>"; };
		4BA12D7B2BA004CE00BC4EB0 /* Foodle.app */ = {isa = PBXFileReference; explicitFileType = wrapper.application; includeInIndex = 0; path = Foodle.app; sourceTree = BUILT_PRODUCTS_DIR; };
		4BA12D7E2BA004CE00BC4EB0 /* AppDelegate.swift */ = {isa = PBXFileReference; lastKnownFileType = sourcecode.swift; path = AppDelegate.swift; sourceTree = "<group>"; };
		4BA12D802BA004CE00BC4EB0 /* SceneDelegate.swift */ = {isa = PBXFileReference; lastKnownFileType = sourcecode.swift; path = SceneDelegate.swift; sourceTree = "<group>"; };
		4BA12D852BA004CE00BC4EB0 /* Base */ = {isa = PBXFileReference; lastKnownFileType = file.storyboard; name = Base; path = Base.lproj/Jinhee.storyboard; sourceTree = "<group>"; };
		4BA12D882BA004CE00BC4EB0 /* Foodle.xcdatamodel */ = {isa = PBXFileReference; lastKnownFileType = wrapper.xcdatamodel; path = Foodle.xcdatamodel; sourceTree = "<group>"; };
		4BA12D8A2BA004CF00BC4EB0 /* Assets.xcassets */ = {isa = PBXFileReference; lastKnownFileType = folder.assetcatalog; path = Assets.xcassets; sourceTree = "<group>"; };
		4BA12D8D2BA004CF00BC4EB0 /* Base */ = {isa = PBXFileReference; lastKnownFileType = file.storyboard; name = Base; path = Base.lproj/LaunchScreen.storyboard; sourceTree = "<group>"; };
		4BA12D8F2BA004CF00BC4EB0 /* Info.plist */ = {isa = PBXFileReference; lastKnownFileType = text.plist.xml; path = Info.plist; sourceTree = "<group>"; };
		4BB159FF2BB532BC0090A6DE /* UIImageExtension.swift */ = {isa = PBXFileReference; lastKnownFileType = sourcecode.swift; path = UIImageExtension.swift; sourceTree = "<group>"; };
		4BB92B782C72F9BE000DFE0A /* NaverSNSLogin.swift */ = {isa = PBXFileReference; lastKnownFileType = sourcecode.swift; path = NaverSNSLogin.swift; sourceTree = "<group>"; };
		4BB92B8A2C748675000DFE0A /* Config.xcconfig */ = {isa = PBXFileReference; lastKnownFileType = text.xcconfig; path = Config.xcconfig; sourceTree = "<group>"; };
		4BB965C82C23C33F00F7E429 /* AddListViewController.swift */ = {isa = PBXFileReference; lastKnownFileType = sourcecode.swift; path = AddListViewController.swift; sourceTree = "<group>"; };
		4BB965CA2C23C44D00F7E429 /* ColorCollectionViewCell.swift */ = {isa = PBXFileReference; lastKnownFileType = sourcecode.swift; path = ColorCollectionViewCell.swift; sourceTree = "<group>"; };
		4BC68AAC2BA2B67300FC6546 /* MainViewController.swift */ = {isa = PBXFileReference; lastKnownFileType = sourcecode.swift; path = MainViewController.swift; sourceTree = "<group>"; };
		4BC68AAF2BA2DAF200FC6546 /* MainCollectionViewCell.swift */ = {isa = PBXFileReference; lastKnownFileType = sourcecode.swift; path = MainCollectionViewCell.swift; sourceTree = "<group>"; };
		4BC68AB12BA2DBD300FC6546 /* MainTableViewCell.swift */ = {isa = PBXFileReference; lastKnownFileType = sourcecode.swift; path = MainTableViewCell.swift; sourceTree = "<group>"; };
		4BDCED032C63096F009EB190 /* PreferredTime.swift */ = {isa = PBXFileReference; lastKnownFileType = sourcecode.swift; path = PreferredTime.swift; sourceTree = "<group>"; };
		4BE209F82C587DFD00060C5B /* gpxgenerator_path.gpx */ = {isa = PBXFileReference; lastKnownFileType = text.xml; path = gpxgenerator_path.gpx; sourceTree = "<group>"; };
		4BE209FA2C5881BC00060C5B /* PlaceListAnnotation.swift */ = {isa = PBXFileReference; lastKnownFileType = sourcecode.swift; path = PlaceListAnnotation.swift; sourceTree = "<group>"; };
		4BE731822C3E2AA1008733C9 /* Server.swift */ = {isa = PBXFileReference; lastKnownFileType = sourcecode.swift; path = Server.swift; sourceTree = "<group>"; };
		4BE731842C3E569E008733C9 /* SearchResultViewController.swift */ = {isa = PBXFileReference; lastKnownFileType = sourcecode.swift; path = SearchResultViewController.swift; sourceTree = "<group>"; };
		4BE731972C436A1C008733C9 /* LaunchingSegue.swift */ = {isa = PBXFileReference; lastKnownFileType = sourcecode.swift; path = LaunchingSegue.swift; sourceTree = "<group>"; };
		4BE731992C436AD7008733C9 /* LaunchViewController.swift */ = {isa = PBXFileReference; lastKnownFileType = sourcecode.swift; path = LaunchViewController.swift; sourceTree = "<group>"; };
		4BF519B92C69C7190082D374 /* ServerResponse.swift */ = {isa = PBXFileReference; lastKnownFileType = sourcecode.swift; path = ServerResponse.swift; sourceTree = "<group>"; };
		4BF819372C2927F4006BE538 /* Place.swift */ = {isa = PBXFileReference; lastKnownFileType = sourcecode.swift; path = Place.swift; sourceTree = "<group>"; };
		4BF819392C292B8E006BE538 /* MeetingPlace.swift */ = {isa = PBXFileReference; lastKnownFileType = sourcecode.swift; path = MeetingPlace.swift; sourceTree = "<group>"; };
		4BF8193B2C292BAE006BE538 /* Meeting.swift */ = {isa = PBXFileReference; lastKnownFileType = sourcecode.swift; path = Meeting.swift; sourceTree = "<group>"; };
		4BF8193D2C292BD6006BE538 /* Friend.swift */ = {isa = PBXFileReference; lastKnownFileType = sourcecode.swift; path = Friend.swift; sourceTree = "<group>"; };
		4BF8193F2C292BE5006BE538 /* User.swift */ = {isa = PBXFileReference; lastKnownFileType = sourcecode.swift; path = User.swift; sourceTree = "<group>"; };
		4BF819412C292ED0006BE538 /* PlaceList.swift */ = {isa = PBXFileReference; lastKnownFileType = sourcecode.swift; path = PlaceList.swift; sourceTree = "<group>"; };
		4BFA46122C2BB8DA00240F4E /* RoundedCollectionViewCell.swift */ = {isa = PBXFileReference; lastKnownFileType = sourcecode.swift; path = RoundedCollectionViewCell.swift; sourceTree = "<group>"; };
		920E00002C4977EB00BAEA25 /* EditMeetingViewController.swift */ = {isa = PBXFileReference; lastKnownFileType = sourcecode.swift; path = EditMeetingViewController.swift; sourceTree = "<group>"; };
		923B80FD2C0230C600B771E7 /* ScheduleListViewController.swift */ = {isa = PBXFileReference; lastKnownFileType = sourcecode.swift; path = ScheduleListViewController.swift; sourceTree = "<group>"; };
		927E19CC2C0239AD004D9F96 /* Base */ = {isa = PBXFileReference; lastKnownFileType = file.storyboard; name = Base; path = Base.lproj/Minjeong.storyboard; sourceTree = "<group>"; };
		927E19CF2C0239AD004D9F96 /* mul */ = {isa = PBXFileReference; lastKnownFileType = text.json.xcstrings; name = mul; path = mul.lproj/Minjeong.xcstrings; sourceTree = "<group>"; };
		92B688472BB0A20400D7DF2C /* LoginViewController.swift */ = {isa = PBXFileReference; lastKnownFileType = sourcecode.swift; path = LoginViewController.swift; sourceTree = "<group>"; };
		92B688622BBB177D00D7DF2C /* FriendsListViewCell.swift */ = {isa = PBXFileReference; lastKnownFileType = sourcecode.swift; path = FriendsListViewCell.swift; sourceTree = "<group>"; };
		92D3DE652C2762E100CC3673 /* DetailMeetingViewController.swift */ = {isa = PBXFileReference; lastKnownFileType = sourcecode.swift; path = DetailMeetingViewController.swift; sourceTree = "<group>"; };
		92EA73162BF0D1830075472C /* MyPageViewController.swift */ = {isa = PBXFileReference; lastKnownFileType = sourcecode.swift; path = MyPageViewController.swift; sourceTree = "<group>"; };
		92FABE0F2C172641000E2DE6 /* FriendsDetailViewController.swift */ = {isa = PBXFileReference; lastKnownFileType = sourcecode.swift; path = FriendsDetailViewController.swift; sourceTree = "<group>"; };
/* End PBXFileReference section */

/* Begin PBXFrameworksBuildPhase section */
		4BA12D782BA004CE00BC4EB0 /* Frameworks */ = {
			isa = PBXFrameworksBuildPhase;
			buildActionMask = 2147483647;
			files = (
				4BB92B892C748554000DFE0A /* KakaoSDKCommon in Frameworks */,
				4BB92B772C72F693000DFE0A /* NaverThirdPartyLogin in Frameworks */,
				4BB92B812C748554000DFE0A /* KakaoSDK in Frameworks */,
				4BB92B7E2C72FAAF000DFE0A /* AlamofireDynamic in Frameworks */,
				4BB92B852C748554000DFE0A /* KakaoSDKCert in Frameworks */,
				4BB92B7C2C72FAAF000DFE0A /* Alamofire in Frameworks */,
				4BB92B832C748554000DFE0A /* KakaoSDKAuth in Frameworks */,
				4BB92B872C748554000DFE0A /* KakaoSDKCertCore in Frameworks */,
			);
			runOnlyForDeploymentPostprocessing = 0;
		};
/* End PBXFrameworksBuildPhase section */

/* Begin PBXGroup section */
		4BA12D722BA004CE00BC4EB0 = {
			isa = PBXGroup;
			children = (
				4BE209F82C587DFD00060C5B /* gpxgenerator_path.gpx */,
				4BA12D7D2BA004CE00BC4EB0 /* Foodle */,
				4BA12D7C2BA004CE00BC4EB0 /* Products */,
			);
			sourceTree = "<group>";
		};
		4BA12D7C2BA004CE00BC4EB0 /* Products */ = {
			isa = PBXGroup;
			children = (
				4BA12D7B2BA004CE00BC4EB0 /* Foodle.app */,
			);
			name = Products;
			sourceTree = "<group>";
		};
		4BA12D7D2BA004CE00BC4EB0 /* Foodle */ = {
			isa = PBXGroup;
			children = (
				4BE209F92C58817C00060C5B /* Annotation */,
				4BB159FE2BB5329E0090A6DE /* Utility */,
				4BC68AB32BA2DCA800FC6546 /* Cell */,
				4BC68AAE2BA2D7FF00FC6546 /* Model */,
				4BA12D972BA2AAA800BC4EB0 /* ViewController */,
				4BA12D7E2BA004CE00BC4EB0 /* AppDelegate.swift */,
				4BA12D802BA004CE00BC4EB0 /* SceneDelegate.swift */,
				4BA12D842BA004CE00BC4EB0 /* Jinhee.storyboard */,
				927E19CD2C0239AD004D9F96 /* Minjeong.storyboard */,
				4BA12D8A2BA004CF00BC4EB0 /* Assets.xcassets */,
				4BA12D8C2BA004CF00BC4EB0 /* LaunchScreen.storyboard */,
				4BA12D8F2BA004CF00BC4EB0 /* Info.plist */,
				4BA12D872BA004CE00BC4EB0 /* Foodle.xcdatamodeld */,
				4BB92B8A2C748675000DFE0A /* Config.xcconfig */,
				4B5D9B722BBE53A400F1BD58 /* Settings.bundle */,
			);
			path = Foodle;
			sourceTree = "<group>";
		};
		4BA12D972BA2AAA800BC4EB0 /* ViewController */ = {
			isa = PBXGroup;
			children = (
				92B688472BB0A20400D7DF2C /* LoginViewController.swift */,
				92EA73162BF0D1830075472C /* MyPageViewController.swift */,
				4BC68AAC2BA2B67300FC6546 /* MainViewController.swift */,
				4B73950B2BAC3187006843DB /* SelectFriendsViewController.swift */,
				4B73950D2BAC31A4006843DB /* SetMeetingViewController.swift */,
				4B73950F2BAC31BB006843DB /* AddMeetingPlaceViewController.swift */,
				4B5D9B6C2BBE3FFB00F1BD58 /* SearchViewController.swift */,
				4B5D9B6E2BBE406400F1BD58 /* DetailPlaceViewController.swift */,
				4B1122382BE33EA000A2E577 /* ScrollableBottomSheetViewController.swift */,
				4B70D9BC2BF5AF4D00F3C965 /* MyPlaceViewController.swift */,
				4B70D9C42BF5BC1800F3C965 /* MyPlaceScrollableViewController.swift */,
				4B23DBDE2BFEF09600E5E4FD /* MyPlaceTableViewController.swift */,
				923B80FD2C0230C600B771E7 /* ScheduleListViewController.swift */,
				92FABE0F2C172641000E2DE6 /* FriendsDetailViewController.swift */,
				4B8D3EF12C22B2BC00A344D1 /* AddPlaceViewController.swift */,
				4BB965C82C23C33F00F7E429 /* AddListViewController.swift */,
				92D3DE652C2762E100CC3673 /* DetailMeetingViewController.swift */,
				920E00002C4977EB00BAEA25 /* EditMeetingViewController.swift */,
				4BE731842C3E569E008733C9 /* SearchResultViewController.swift */,
				4BE731992C436AD7008733C9 /* LaunchViewController.swift */,
			);
			path = ViewController;
			sourceTree = "<group>";
		};
		4BB159FE2BB5329E0090A6DE /* Utility */ = {
			isa = PBXGroup;
			children = (
				4BB159FF2BB532BC0090A6DE /* UIImageExtension.swift */,
				4B1122362BE33BA500A2E577 /* UIViewExtension.swift */,
				4B772F492C34EDEE00975B4C /* UIImageViewExtension.swift */,
				4B772F4B2C34F1DD00975B4C /* UIColorExtension.swift */,
				4BE731822C3E2AA1008733C9 /* Server.swift */,
				4BE731972C436A1C008733C9 /* LaunchingSegue.swift */,
				4B1C91AF2C4611BC00CCB03E /* URLExtension.swift */,
				4BB92B782C72F9BE000DFE0A /* NaverSNSLogin.swift */,
			);
			path = Utility;
			sourceTree = "<group>";
		};
		4BC68AAE2BA2D7FF00FC6546 /* Model */ = {
			isa = PBXGroup;
			children = (
				4BF819372C2927F4006BE538 /* Place.swift */,
				4BF819392C292B8E006BE538 /* MeetingPlace.swift */,
				4BF8193B2C292BAE006BE538 /* Meeting.swift */,
				4BF8193D2C292BD6006BE538 /* Friend.swift */,
				4BF8193F2C292BE5006BE538 /* User.swift */,
				4BF819412C292ED0006BE538 /* PlaceList.swift */,
				4B63886B2C2FB5E800ED10F0 /* Day.swift */,
				4BDCED032C63096F009EB190 /* PreferredTime.swift */,
				4BF519B92C69C7190082D374 /* ServerResponse.swift */,
			);
			path = Model;
			sourceTree = "<group>";
		};
		4BC68AB32BA2DCA800FC6546 /* Cell */ = {
			isa = PBXGroup;
			children = (
				4BC68AB12BA2DBD300FC6546 /* MainTableViewCell.swift */,
				4BC68AAF2BA2DAF200FC6546 /* MainCollectionViewCell.swift */,
				4B1261362BA31450002F52BD /* UpcomingCollectionViewCell.swift */,
				4B7395112BAC3D32006843DB /* AddMeetingPlaceTableViewCell.swift */,
				92B688622BBB177D00D7DF2C /* FriendsListViewCell.swift */,
				4B5D9B702BBE4CB200F1BD58 /* PlaceImageCollectionViewCell.swift */,
				4B11223F2BE351D200A2E577 /* ResultTableViewcell.swift */,
				4B70D9C22BF5BAF600F3C965 /* MyPlaceTableViewCell.swift */,
				4BB965CA2C23C44D00F7E429 /* ColorCollectionViewCell.swift */,
				4BFA46122C2BB8DA00240F4E /* RoundedCollectionViewCell.swift */,
				4B1C864D2C50A23700409DD8 /* SetMeetingTableViewCell.swift */,
			);
			path = Cell;
			sourceTree = "<group>";
		};
		4BE209F92C58817C00060C5B /* Annotation */ = {
			isa = PBXGroup;
			children = (
				4BE209FA2C5881BC00060C5B /* PlaceListAnnotation.swift */,
			);
			path = Annotation;
			sourceTree = "<group>";
		};
/* End PBXGroup section */

/* Begin PBXNativeTarget section */
		4BA12D7A2BA004CE00BC4EB0 /* Foodle */ = {
			isa = PBXNativeTarget;
			buildConfigurationList = 4BA12D922BA004CF00BC4EB0 /* Build configuration list for PBXNativeTarget "Foodle" */;
			buildPhases = (
				4BA12D772BA004CE00BC4EB0 /* Sources */,
				4BA12D782BA004CE00BC4EB0 /* Frameworks */,
				4BA12D792BA004CE00BC4EB0 /* Resources */,
			);
			buildRules = (
			);
			dependencies = (
			);
			name = Foodle;
			packageProductDependencies = (
				4BB92B762C72F693000DFE0A /* NaverThirdPartyLogin */,
				4BB92B7B2C72FAAF000DFE0A /* Alamofire */,
				4BB92B7D2C72FAAF000DFE0A /* AlamofireDynamic */,
				4BB92B802C748554000DFE0A /* KakaoSDK */,
				4BB92B822C748554000DFE0A /* KakaoSDKAuth */,
				4BB92B842C748554000DFE0A /* KakaoSDKCert */,
				4BB92B862C748554000DFE0A /* KakaoSDKCertCore */,
				4BB92B882C748554000DFE0A /* KakaoSDKCommon */,
			);
			productName = Foodle;
			productReference = 4BA12D7B2BA004CE00BC4EB0 /* Foodle.app */;
			productType = "com.apple.product-type.application";
		};
/* End PBXNativeTarget section */

/* Begin PBXProject section */
		4BA12D732BA004CE00BC4EB0 /* Project object */ = {
			isa = PBXProject;
			attributes = {
				BuildIndependentTargetsInParallel = 1;
				LastSwiftUpdateCheck = 1520;
				LastUpgradeCheck = 1520;
				TargetAttributes = {
					4BA12D7A2BA004CE00BC4EB0 = {
						CreatedOnToolsVersion = 15.2;
					};
				};
			};
			buildConfigurationList = 4BA12D762BA004CE00BC4EB0 /* Build configuration list for PBXProject "Foodle" */;
			compatibilityVersion = "Xcode 14.0";
			developmentRegion = en;
			hasScannedForEncodings = 0;
			knownRegions = (
				en,
				Base,
			);
			mainGroup = 4BA12D722BA004CE00BC4EB0;
			packageReferences = (
				4BB92B752C72F693000DFE0A /* XCRemoteSwiftPackageReference "naveridlogin-sdk-ios" */,
				4BB92B7A2C72FAAF000DFE0A /* XCRemoteSwiftPackageReference "Alamofire" */,
				4BB92B7F2C748554000DFE0A /* XCRemoteSwiftPackageReference "kakao-ios-sdk" */,
			);
			productRefGroup = 4BA12D7C2BA004CE00BC4EB0 /* Products */;
			projectDirPath = "";
			projectRoot = "";
			targets = (
				4BA12D7A2BA004CE00BC4EB0 /* Foodle */,
			);
		};
/* End PBXProject section */

/* Begin PBXResourcesBuildPhase section */
		4BA12D792BA004CE00BC4EB0 /* Resources */ = {
			isa = PBXResourcesBuildPhase;
			buildActionMask = 2147483647;
			files = (
				4B5D9B732BBE53A400F1BD58 /* Settings.bundle in Resources */,
				4BA12D8E2BA004CF00BC4EB0 /* LaunchScreen.storyboard in Resources */,
				927E19CE2C0239AD004D9F96 /* Minjeong.storyboard in Resources */,
				4BA12D8B2BA004CF00BC4EB0 /* Assets.xcassets in Resources */,
				4BA12D862BA004CE00BC4EB0 /* Jinhee.storyboard in Resources */,
			);
			runOnlyForDeploymentPostprocessing = 0;
		};
/* End PBXResourcesBuildPhase section */

/* Begin PBXSourcesBuildPhase section */
		4BA12D772BA004CE00BC4EB0 /* Sources */ = {
			isa = PBXSourcesBuildPhase;
			buildActionMask = 2147483647;
			files = (
				4BB965CB2C23C44D00F7E429 /* ColorCollectionViewCell.swift in Sources */,
				4BF8193C2C292BAE006BE538 /* Meeting.swift in Sources */,
				920E00012C4977EB00BAEA25 /* EditMeetingViewController.swift in Sources */,
				4B5D9B6D2BBE3FFB00F1BD58 /* SearchViewController.swift in Sources */,
				4B70D9C32BF5BAF600F3C965 /* MyPlaceTableViewCell.swift in Sources */,
				92EA73172BF0D1830075472C /* MyPageViewController.swift in Sources */,
				4B5D9B6F2BBE406400F1BD58 /* DetailPlaceViewController.swift in Sources */,
				4BF519BA2C69C7190082D374 /* ServerResponse.swift in Sources */,
				4B7395122BAC3D32006843DB /* AddMeetingPlaceTableViewCell.swift in Sources */,
				4B70D9C52BF5BC1800F3C965 /* MyPlaceScrollableViewController.swift in Sources */,
				4B70D9BD2BF5AF4D00F3C965 /* MyPlaceViewController.swift in Sources */,
				4BC68AB02BA2DAF200FC6546 /* MainCollectionViewCell.swift in Sources */,
				4BE209FB2C5881BC00060C5B /* PlaceListAnnotation.swift in Sources */,
				92FABE102C172641000E2DE6 /* FriendsDetailViewController.swift in Sources */,
				92B688632BBB177D00D7DF2C /* FriendsListViewCell.swift in Sources */,
				4BF819382C2927F4006BE538 /* Place.swift in Sources */,
				4B5D9B712BBE4CB200F1BD58 /* PlaceImageCollectionViewCell.swift in Sources */,
				4B1122372BE33BA500A2E577 /* UIViewExtension.swift in Sources */,
				4BB965C92C23C33F00F7E429 /* AddListViewController.swift in Sources */,
				4BB92B792C72F9BE000DFE0A /* NaverSNSLogin.swift in Sources */,
				4BE7319A2C436AD7008733C9 /* LaunchViewController.swift in Sources */,
				4BA12D892BA004CE00BC4EB0 /* Foodle.xcdatamodeld in Sources */,
				4B73950C2BAC3187006843DB /* SelectFriendsViewController.swift in Sources */,
				4B1122402BE351D200A2E577 /* ResultTableViewcell.swift in Sources */,
				4BA12D7F2BA004CE00BC4EB0 /* AppDelegate.swift in Sources */,
				4BFA46132C2BB8DA00240F4E /* RoundedCollectionViewCell.swift in Sources */,
				4BF8193A2C292B8E006BE538 /* MeetingPlace.swift in Sources */,
				4B8D3EF22C22B2BC00A344D1 /* AddPlaceViewController.swift in Sources */,
				4BF8193E2C292BD6006BE538 /* Friend.swift in Sources */,
				4B73950E2BAC31A4006843DB /* SetMeetingViewController.swift in Sources */,
				4B772F4C2C34F1DD00975B4C /* UIColorExtension.swift in Sources */,
				92B688482BB0A20400D7DF2C /* LoginViewController.swift in Sources */,
				4BE731852C3E569E008733C9 /* SearchResultViewController.swift in Sources */,
				4B23DBDF2BFEF09600E5E4FD /* MyPlaceTableViewController.swift in Sources */,
				4BE731982C436A1C008733C9 /* LaunchingSegue.swift in Sources */,
				4B1C864E2C50A23700409DD8 /* SetMeetingTableViewCell.swift in Sources */,
				4BE731832C3E2AA1008733C9 /* Server.swift in Sources */,
				923B80FE2C0230C600B771E7 /* ScheduleListViewController.swift in Sources */,
				92D3DE662C2762E100CC3673 /* DetailMeetingViewController.swift in Sources */,
				4BA12D812BA004CE00BC4EB0 /* SceneDelegate.swift in Sources */,
				4B772F4A2C34EDEE00975B4C /* UIImageViewExtension.swift in Sources */,
				4BDCED042C63096F009EB190 /* PreferredTime.swift in Sources */,
				4B1122392BE33EA000A2E577 /* ScrollableBottomSheetViewController.swift in Sources */,
				4B7395102BAC31BB006843DB /* AddMeetingPlaceViewController.swift in Sources */,
				4B63886C2C2FB5E800ED10F0 /* Day.swift in Sources */,
				4B1C91B02C4611BC00CCB03E /* URLExtension.swift in Sources */,
				4B1261372BA31450002F52BD /* UpcomingCollectionViewCell.swift in Sources */,
				4BF819402C292BE5006BE538 /* User.swift in Sources */,
				4BF819422C292ED0006BE538 /* PlaceList.swift in Sources */,
				4BB15A002BB532BC0090A6DE /* UIImageExtension.swift in Sources */,
				4BC68AB22BA2DBD300FC6546 /* MainTableViewCell.swift in Sources */,
				4BC68AAD2BA2B67300FC6546 /* MainViewController.swift in Sources */,
			);
			runOnlyForDeploymentPostprocessing = 0;
		};
/* End PBXSourcesBuildPhase section */

/* Begin PBXVariantGroup section */
		4BA12D842BA004CE00BC4EB0 /* Jinhee.storyboard */ = {
			isa = PBXVariantGroup;
			children = (
				4BA12D852BA004CE00BC4EB0 /* Base */,
			);
			name = Jinhee.storyboard;
			sourceTree = "<group>";
		};
		4BA12D8C2BA004CF00BC4EB0 /* LaunchScreen.storyboard */ = {
			isa = PBXVariantGroup;
			children = (
				4BA12D8D2BA004CF00BC4EB0 /* Base */,
			);
			name = LaunchScreen.storyboard;
			sourceTree = "<group>";
		};
		927E19CD2C0239AD004D9F96 /* Minjeong.storyboard */ = {
			isa = PBXVariantGroup;
			children = (
				927E19CC2C0239AD004D9F96 /* Base */,
				927E19CF2C0239AD004D9F96 /* mul */,
			);
			name = Minjeong.storyboard;
			sourceTree = "<group>";
		};
/* End PBXVariantGroup section */

/* Begin XCBuildConfiguration section */
		4BA12D902BA004CF00BC4EB0 /* Debug */ = {
			isa = XCBuildConfiguration;
			baseConfigurationReference = 4BB92B8A2C748675000DFE0A /* Config.xcconfig */;
			buildSettings = {
				ALWAYS_SEARCH_USER_PATHS = NO;
				ASSETCATALOG_COMPILER_GENERATE_SWIFT_ASSET_SYMBOL_EXTENSIONS = YES;
				CLANG_ANALYZER_NONNULL = YES;
				CLANG_ANALYZER_NUMBER_OBJECT_CONVERSION = YES_AGGRESSIVE;
				CLANG_CXX_LANGUAGE_STANDARD = "gnu++20";
				CLANG_ENABLE_MODULES = YES;
				CLANG_ENABLE_OBJC_ARC = YES;
				CLANG_ENABLE_OBJC_WEAK = YES;
				CLANG_WARN_BLOCK_CAPTURE_AUTORELEASING = YES;
				CLANG_WARN_BOOL_CONVERSION = YES;
				CLANG_WARN_COMMA = YES;
				CLANG_WARN_CONSTANT_CONVERSION = YES;
				CLANG_WARN_DEPRECATED_OBJC_IMPLEMENTATIONS = YES;
				CLANG_WARN_DIRECT_OBJC_ISA_USAGE = YES_ERROR;
				CLANG_WARN_DOCUMENTATION_COMMENTS = YES;
				CLANG_WARN_EMPTY_BODY = YES;
				CLANG_WARN_ENUM_CONVERSION = YES;
				CLANG_WARN_INFINITE_RECURSION = YES;
				CLANG_WARN_INT_CONVERSION = YES;
				CLANG_WARN_NON_LITERAL_NULL_CONVERSION = YES;
				CLANG_WARN_OBJC_IMPLICIT_RETAIN_SELF = YES;
				CLANG_WARN_OBJC_LITERAL_CONVERSION = YES;
				CLANG_WARN_OBJC_ROOT_CLASS = YES_ERROR;
				CLANG_WARN_QUOTED_INCLUDE_IN_FRAMEWORK_HEADER = YES;
				CLANG_WARN_RANGE_LOOP_ANALYSIS = YES;
				CLANG_WARN_STRICT_PROTOTYPES = YES;
				CLANG_WARN_SUSPICIOUS_MOVE = YES;
				CLANG_WARN_UNGUARDED_AVAILABILITY = YES_AGGRESSIVE;
				CLANG_WARN_UNREACHABLE_CODE = YES;
				CLANG_WARN__DUPLICATE_METHOD_MATCH = YES;
				COPY_PHASE_STRIP = NO;
				DEBUG_INFORMATION_FORMAT = dwarf;
				ENABLE_STRICT_OBJC_MSGSEND = YES;
				ENABLE_TESTABILITY = YES;
				ENABLE_USER_SCRIPT_SANDBOXING = YES;
				GCC_C_LANGUAGE_STANDARD = gnu17;
				GCC_DYNAMIC_NO_PIC = NO;
				GCC_NO_COMMON_BLOCKS = YES;
				GCC_OPTIMIZATION_LEVEL = 0;
				GCC_PREPROCESSOR_DEFINITIONS = (
					"DEBUG=1",
					"$(inherited)",
				);
				GCC_WARN_64_TO_32_BIT_CONVERSION = YES;
				GCC_WARN_ABOUT_RETURN_TYPE = YES_ERROR;
				GCC_WARN_UNDECLARED_SELECTOR = YES;
				GCC_WARN_UNINITIALIZED_AUTOS = YES_AGGRESSIVE;
				GCC_WARN_UNUSED_FUNCTION = YES;
				GCC_WARN_UNUSED_VARIABLE = YES;
				IPHONEOS_DEPLOYMENT_TARGET = 17.2;
				LOCALIZATION_PREFERS_STRING_CATALOGS = YES;
				MTL_ENABLE_DEBUG_INFO = INCLUDE_SOURCE;
				MTL_FAST_MATH = YES;
				ONLY_ACTIVE_ARCH = YES;
				SDKROOT = iphoneos;
				SWIFT_ACTIVE_COMPILATION_CONDITIONS = "DEBUG $(inherited)";
				SWIFT_OPTIMIZATION_LEVEL = "-Onone";
			};
			name = Debug;
		};
		4BA12D912BA004CF00BC4EB0 /* Release */ = {
			isa = XCBuildConfiguration;
			baseConfigurationReference = 4BB92B8A2C748675000DFE0A /* Config.xcconfig */;
			buildSettings = {
				ALWAYS_SEARCH_USER_PATHS = NO;
				ASSETCATALOG_COMPILER_GENERATE_SWIFT_ASSET_SYMBOL_EXTENSIONS = YES;
				CLANG_ANALYZER_NONNULL = YES;
				CLANG_ANALYZER_NUMBER_OBJECT_CONVERSION = YES_AGGRESSIVE;
				CLANG_CXX_LANGUAGE_STANDARD = "gnu++20";
				CLANG_ENABLE_MODULES = YES;
				CLANG_ENABLE_OBJC_ARC = YES;
				CLANG_ENABLE_OBJC_WEAK = YES;
				CLANG_WARN_BLOCK_CAPTURE_AUTORELEASING = YES;
				CLANG_WARN_BOOL_CONVERSION = YES;
				CLANG_WARN_COMMA = YES;
				CLANG_WARN_CONSTANT_CONVERSION = YES;
				CLANG_WARN_DEPRECATED_OBJC_IMPLEMENTATIONS = YES;
				CLANG_WARN_DIRECT_OBJC_ISA_USAGE = YES_ERROR;
				CLANG_WARN_DOCUMENTATION_COMMENTS = YES;
				CLANG_WARN_EMPTY_BODY = YES;
				CLANG_WARN_ENUM_CONVERSION = YES;
				CLANG_WARN_INFINITE_RECURSION = YES;
				CLANG_WARN_INT_CONVERSION = YES;
				CLANG_WARN_NON_LITERAL_NULL_CONVERSION = YES;
				CLANG_WARN_OBJC_IMPLICIT_RETAIN_SELF = YES;
				CLANG_WARN_OBJC_LITERAL_CONVERSION = YES;
				CLANG_WARN_OBJC_ROOT_CLASS = YES_ERROR;
				CLANG_WARN_QUOTED_INCLUDE_IN_FRAMEWORK_HEADER = YES;
				CLANG_WARN_RANGE_LOOP_ANALYSIS = YES;
				CLANG_WARN_STRICT_PROTOTYPES = YES;
				CLANG_WARN_SUSPICIOUS_MOVE = YES;
				CLANG_WARN_UNGUARDED_AVAILABILITY = YES_AGGRESSIVE;
				CLANG_WARN_UNREACHABLE_CODE = YES;
				CLANG_WARN__DUPLICATE_METHOD_MATCH = YES;
				COPY_PHASE_STRIP = NO;
				DEBUG_INFORMATION_FORMAT = "dwarf-with-dsym";
				ENABLE_NS_ASSERTIONS = NO;
				ENABLE_STRICT_OBJC_MSGSEND = YES;
				ENABLE_USER_SCRIPT_SANDBOXING = YES;
				GCC_C_LANGUAGE_STANDARD = gnu17;
				GCC_NO_COMMON_BLOCKS = YES;
				GCC_WARN_64_TO_32_BIT_CONVERSION = YES;
				GCC_WARN_ABOUT_RETURN_TYPE = YES_ERROR;
				GCC_WARN_UNDECLARED_SELECTOR = YES;
				GCC_WARN_UNINITIALIZED_AUTOS = YES_AGGRESSIVE;
				GCC_WARN_UNUSED_FUNCTION = YES;
				GCC_WARN_UNUSED_VARIABLE = YES;
				IPHONEOS_DEPLOYMENT_TARGET = 17.2;
				LOCALIZATION_PREFERS_STRING_CATALOGS = YES;
				MTL_ENABLE_DEBUG_INFO = NO;
				MTL_FAST_MATH = YES;
				SDKROOT = iphoneos;
				SWIFT_COMPILATION_MODE = wholemodule;
				VALIDATE_PRODUCT = YES;
			};
			name = Release;
		};
		4BA12D932BA004CF00BC4EB0 /* Debug */ = {
			isa = XCBuildConfiguration;
			baseConfigurationReference = 4BB92B8A2C748675000DFE0A /* Config.xcconfig */;
			buildSettings = {
				ASSETCATALOG_COMPILER_APPICON_NAME = AppIcon;
				ASSETCATALOG_COMPILER_GLOBAL_ACCENT_COLOR_NAME = AccentColor;
				CODE_SIGN_STYLE = Automatic;
				CURRENT_PROJECT_VERSION = 1;
				DEVELOPMENT_TEAM = 2KZXB85M2Q;
				GENERATE_INFOPLIST_FILE = YES;
				INFOPLIST_FILE = Foodle/Info.plist;
				INFOPLIST_KEY_CFBundleDisplayName = Foodle;
				INFOPLIST_KEY_LSApplicationCategoryType = "public.app-category.lifestyle";
				INFOPLIST_KEY_NSLocationWhenInUseUsageDescription = "사용자의 현재 위치를 표시합니다.";
				INFOPLIST_KEY_UIApplicationSupportsIndirectInputEvents = YES;
				INFOPLIST_KEY_UILaunchStoryboardName = LaunchScreen;
				INFOPLIST_KEY_UIMainStoryboardFile = Jinhee;
				INFOPLIST_KEY_UISupportedInterfaceOrientations_iPad = "UIInterfaceOrientationPortrait UIInterfaceOrientationPortraitUpsideDown UIInterfaceOrientationLandscapeLeft UIInterfaceOrientationLandscapeRight";
				INFOPLIST_KEY_UISupportedInterfaceOrientations_iPhone = "UIInterfaceOrientationPortrait UIInterfaceOrientationLandscapeLeft UIInterfaceOrientationLandscapeRight";
				IPHONEOS_DEPLOYMENT_TARGET = 17.0;
				LD_RUNPATH_SEARCH_PATHS = (
					"$(inherited)",
					"@executable_path/Frameworks",
				);
				MARKETING_VERSION = 1.0;
				PRODUCT_BUNDLE_IDENTIFIER = com.SSFC.Foodle;
				PRODUCT_NAME = "$(TARGET_NAME)";
				SWIFT_EMIT_LOC_STRINGS = YES;
				SWIFT_VERSION = 5.0;
				TARGETED_DEVICE_FAMILY = "1,2";
			};
			name = Debug;
		};
		4BA12D942BA004CF00BC4EB0 /* Release */ = {
			isa = XCBuildConfiguration;
			baseConfigurationReference = 4BB92B8A2C748675000DFE0A /* Config.xcconfig */;
			buildSettings = {
				ASSETCATALOG_COMPILER_APPICON_NAME = AppIcon;
				ASSETCATALOG_COMPILER_GLOBAL_ACCENT_COLOR_NAME = AccentColor;
				CODE_SIGN_STYLE = Automatic;
				CURRENT_PROJECT_VERSION = 1;
				DEVELOPMENT_TEAM = 2KZXB85M2Q;
				GENERATE_INFOPLIST_FILE = YES;
				INFOPLIST_FILE = Foodle/Info.plist;
				INFOPLIST_KEY_CFBundleDisplayName = Foodle;
				INFOPLIST_KEY_LSApplicationCategoryType = "public.app-category.lifestyle";
				INFOPLIST_KEY_NSLocationWhenInUseUsageDescription = "사용자의 현재 위치를 표시합니다.";
				INFOPLIST_KEY_UIApplicationSupportsIndirectInputEvents = YES;
				INFOPLIST_KEY_UILaunchStoryboardName = LaunchScreen;
				INFOPLIST_KEY_UIMainStoryboardFile = Jinhee;
				INFOPLIST_KEY_UISupportedInterfaceOrientations_iPad = "UIInterfaceOrientationPortrait UIInterfaceOrientationPortraitUpsideDown UIInterfaceOrientationLandscapeLeft UIInterfaceOrientationLandscapeRight";
				INFOPLIST_KEY_UISupportedInterfaceOrientations_iPhone = "UIInterfaceOrientationPortrait UIInterfaceOrientationLandscapeLeft UIInterfaceOrientationLandscapeRight";
				IPHONEOS_DEPLOYMENT_TARGET = 17.0;
				LD_RUNPATH_SEARCH_PATHS = (
					"$(inherited)",
					"@executable_path/Frameworks",
				);
				MARKETING_VERSION = 1.0;
				PRODUCT_BUNDLE_IDENTIFIER = com.SSFC.Foodle;
				PRODUCT_NAME = "$(TARGET_NAME)";
				SWIFT_EMIT_LOC_STRINGS = YES;
				SWIFT_VERSION = 5.0;
				TARGETED_DEVICE_FAMILY = "1,2";
			};
			name = Release;
		};
/* End XCBuildConfiguration section */

/* Begin XCConfigurationList section */
		4BA12D762BA004CE00BC4EB0 /* Build configuration list for PBXProject "Foodle" */ = {
			isa = XCConfigurationList;
			buildConfigurations = (
				4BA12D902BA004CF00BC4EB0 /* Debug */,
				4BA12D912BA004CF00BC4EB0 /* Release */,
			);
			defaultConfigurationIsVisible = 0;
			defaultConfigurationName = Release;
		};
		4BA12D922BA004CF00BC4EB0 /* Build configuration list for PBXNativeTarget "Foodle" */ = {
			isa = XCConfigurationList;
			buildConfigurations = (
				4BA12D932BA004CF00BC4EB0 /* Debug */,
				4BA12D942BA004CF00BC4EB0 /* Release */,
			);
			defaultConfigurationIsVisible = 0;
			defaultConfigurationName = Release;
		};
/* End XCConfigurationList section */

/* Begin XCRemoteSwiftPackageReference section */
		4BB92B752C72F693000DFE0A /* XCRemoteSwiftPackageReference "naveridlogin-sdk-ios" */ = {
			isa = XCRemoteSwiftPackageReference;
			repositoryURL = "https://github.com/naver/naveridlogin-sdk-ios";
			requirement = {
				branch = master;
				kind = branch;
			};
		};
		4BB92B7A2C72FAAF000DFE0A /* XCRemoteSwiftPackageReference "Alamofire" */ = {
			isa = XCRemoteSwiftPackageReference;
			repositoryURL = "https://github.com/Alamofire/Alamofire.git";
			requirement = {
				kind = upToNextMajorVersion;
				minimumVersion = 5.9.1;
			};
		};
		4BB92B7F2C748554000DFE0A /* XCRemoteSwiftPackageReference "kakao-ios-sdk" */ = {
			isa = XCRemoteSwiftPackageReference;
			repositoryURL = "https://github.com/kakao/kakao-ios-sdk";
			requirement = {
				branch = master;
				kind = branch;
			};
		};
/* End XCRemoteSwiftPackageReference section */

/* Begin XCSwiftPackageProductDependency section */
		4BB92B762C72F693000DFE0A /* NaverThirdPartyLogin */ = {
			isa = XCSwiftPackageProductDependency;
			package = 4BB92B752C72F693000DFE0A /* XCRemoteSwiftPackageReference "naveridlogin-sdk-ios" */;
			productName = NaverThirdPartyLogin;
		};
		4BB92B7B2C72FAAF000DFE0A /* Alamofire */ = {
			isa = XCSwiftPackageProductDependency;
			package = 4BB92B7A2C72FAAF000DFE0A /* XCRemoteSwiftPackageReference "Alamofire" */;
			productName = Alamofire;
		};
		4BB92B7D2C72FAAF000DFE0A /* AlamofireDynamic */ = {
			isa = XCSwiftPackageProductDependency;
			package = 4BB92B7A2C72FAAF000DFE0A /* XCRemoteSwiftPackageReference "Alamofire" */;
			productName = AlamofireDynamic;
		};
		4BB92B802C748554000DFE0A /* KakaoSDK */ = {
			isa = XCSwiftPackageProductDependency;
			package = 4BB92B7F2C748554000DFE0A /* XCRemoteSwiftPackageReference "kakao-ios-sdk" */;
			productName = KakaoSDK;
		};
		4BB92B822C748554000DFE0A /* KakaoSDKAuth */ = {
			isa = XCSwiftPackageProductDependency;
			package = 4BB92B7F2C748554000DFE0A /* XCRemoteSwiftPackageReference "kakao-ios-sdk" */;
			productName = KakaoSDKAuth;
		};
		4BB92B842C748554000DFE0A /* KakaoSDKCert */ = {
			isa = XCSwiftPackageProductDependency;
			package = 4BB92B7F2C748554000DFE0A /* XCRemoteSwiftPackageReference "kakao-ios-sdk" */;
			productName = KakaoSDKCert;
		};
		4BB92B862C748554000DFE0A /* KakaoSDKCertCore */ = {
			isa = XCSwiftPackageProductDependency;
			package = 4BB92B7F2C748554000DFE0A /* XCRemoteSwiftPackageReference "kakao-ios-sdk" */;
			productName = KakaoSDKCertCore;
		};
		4BB92B882C748554000DFE0A /* KakaoSDKCommon */ = {
			isa = XCSwiftPackageProductDependency;
			package = 4BB92B7F2C748554000DFE0A /* XCRemoteSwiftPackageReference "kakao-ios-sdk" */;
			productName = KakaoSDKCommon;
		};
/* End XCSwiftPackageProductDependency section */

/* Begin XCVersionGroup section */
		4BA12D872BA004CE00BC4EB0 /* Foodle.xcdatamodeld */ = {
			isa = XCVersionGroup;
			children = (
				4BA12D882BA004CE00BC4EB0 /* Foodle.xcdatamodel */,
			);
			currentVersion = 4BA12D882BA004CE00BC4EB0 /* Foodle.xcdatamodel */;
			path = Foodle.xcdatamodeld;
			sourceTree = "<group>";
			versionGroupType = wrapper.xcdatamodel;
		};
/* End XCVersionGroup section */
	};
	rootObject = 4BA12D732BA004CE00BC4EB0 /* Project object */;
}
